{
  "name": "doom-launcher",
  "version": "1.0.0",
  "lockfileVersion": 2,
  "requires": true,
  "packages": {
    "": {
      "name": "doom-launcher",
      "version": "1.0.0",
      "license": "ISC",
      "dependencies": {
        "configparser": "^0.3.9",
        "glasstron": "^0.1.1",
        "kaitai-struct": "^0.10.0",
        "nlump": "^0.2.3",
        "node-wad": "^0.2.6",
        "nwad": "^0.2.1"
      }
    },
    "node_modules/bitfield": {
      "version": "1.1.2",
      "resolved": "https://registry.npmjs.org/bitfield/-/bitfield-1.1.2.tgz",
      "integrity": "sha512-XU4GeW9hq3sz0ACLUe3g1j5TDw4Tr2OsmPBod/0m2T705sHgh3UIq2DMYeedrjjkdcS4CvMt040jiy2vwbHgEA=="
    },
    "node_modules/buffer-utils": {
      "version": "1.1.0",
      "resolved": "https://registry.npmjs.org/buffer-utils/-/buffer-utils-1.1.0.tgz",
      "integrity": "sha512-93QgiHFi3WtK4Q4xy4/IwBL9vy9BlmWH99gFS7WhXwC6SkCDWZFGqIK2aggKg6eK7rMc60+C6XtEz62RavCB3g==",
      "deprecated": "this package has been deprecated",
      "dependencies": {
        "stream-buffers": "1.1.0"
      },
      "engines": {
        "node": ">= 4.0.0"
      }
    },
    "node_modules/configparser": {
      "version": "0.3.9",
      "resolved": "https://registry.npmjs.org/configparser/-/configparser-0.3.9.tgz",
      "integrity": "sha512-ZlHt4SyiCfcQmFkt+2OfUQG6PC4GLyXthfBHvCH9I4ZtDxqMaAkfeEP+bkgePWgO3869+dRMVIcjklwfZmPDjg==",
      "dependencies": {
        "mkdirp": "^0.5.1"
      }
    },
    "node_modules/glasstron": {
      "version": "0.1.1",
      "resolved": "https://registry.npmjs.org/glasstron/-/glasstron-0.1.1.tgz",
      "integrity": "sha512-oLEMQM5wwdAQ44NrXD3wjk+b3dsfQG1XtkLn5pCxQNa3ri1AtWvvzpnhFUd88ZTmguHvkY4c3JKzcPSYaJAKKA==",
      "deprecated": "Package no longer supported. Contact Support at https://www.npmjs.com/support for more info.",
      "hasInstallScript": true,
      "dependencies": {
        "node-addon-api": "^4.0.0",
        "x11": "^2.3.0"
      },
      "funding": {
        "url": "https://patreon.com/arytonex"
      }
    },
    "node_modules/kaitai-struct": {
      "version": "0.10.0",
      "resolved": "https://registry.npmjs.org/kaitai-struct/-/kaitai-struct-0.10.0.tgz",
      "integrity": "sha512-81oxVi/OY+LrzgrONX7ciD1wtvq24nb2M9iYixRiQG+1hrDrDRqFVWuQzF1fUexh3Sg/ol6eMAz1MOVYFouzUg=="
    },
    "node_modules/minimist": {
      "version": "1.2.6",
      "resolved": "https://registry.npmjs.org/minimist/-/minimist-1.2.6.tgz",
      "integrity": "sha512-Jsjnk4bw3YJqYzbdyBiNsPWHPfO++UGG749Cxs6peCu5Xg4nrena6OVxOYxrQTqww0Jmwt+Ref8rggumkTLz9Q=="
    },
    "node_modules/mkdirp": {
      "version": "0.5.6",
      "resolved": "https://registry.npmjs.org/mkdirp/-/mkdirp-0.5.6.tgz",
      "integrity": "sha512-FP+p8RB8OWpF3YZBCrP5gtADmtXApB5AMLn+vdyA+PyxCjrCs00mjyUozssO33cwDeT3wNGdLxJ5M//YqtHAJw==",
      "dependencies": {
        "minimist": "^1.2.6"
      },
      "bin": {
        "mkdirp": "bin/cmd.js"
      }
    },
    "node_modules/nlump": {
      "version": "0.2.3",
      "resolved": "https://registry.npmjs.org/nlump/-/nlump-0.2.3.tgz",
      "integrity": "sha512-zziQytQ7ULVWC/OL4uKcTt5jpp7HGXPAJQCwrdAkHMpui8I2lM6KrwC1Gx4ezb5GsIZhcouz2WqHtL8GcktwEw=="
    },
    "node_modules/node-addon-api": {
      "version": "4.3.0",
      "resolved": "https://registry.npmjs.org/node-addon-api/-/node-addon-api-4.3.0.tgz",
      "integrity": "sha512-73sE9+3UaLYYFmDsFZnqCInzPyh3MqIwZO9cw58yIqAZhONrrabrYyYe3TuIqtIiOuTXVhsGau8hcrhhwSsDIQ=="
    },
    "node_modules/node-wad": {
      "version": "0.2.6",
      "resolved": "https://registry.npmjs.org/node-wad/-/node-wad-0.2.6.tgz",
      "integrity": "sha512-erbRiDk90tWEmuib8BSS6X5AtICUki/jhH2ELhB1OWu8Z4ES6D6QH6LQGKiY6ODA/ilIfg5J0lsDTLlzfRZZOg==",
      "dependencies": {
        "bitfield": "^1.1.2",
        "buffer-utils": "^1.0.1"
      }
    },
    "node_modules/nwad": {
      "version": "0.2.1",
      "resolved": "https://registry.npmjs.org/nwad/-/nwad-0.2.1.tgz",
      "integrity": "sha512-RLywC8vNilvZCjlNvKD0TwVyO4OvIj3TcrbsMAEnpKwDOsgi+hDrNqTb70nFRjo3lPM8ecDWzpUstSsMZGkpZw=="
    },
    "node_modules/os-homedir": {
      "version": "1.0.2",
      "resolved": "https://registry.npmjs.org/os-homedir/-/os-homedir-1.0.2.tgz",
      "integrity": "sha512-B5JU3cabzk8c67mRRd3ECmROafjYMXbuzlwtqdM8IbS8ktlTix8aFGb2bAGKrSRIlnfKwovGUUr72JUPyOb6kQ==",
      "engines": {
        "node": ">=0.10.0"
      }
    },
    "node_modules/stream-buffers": {
      "version": "1.1.0",
      "resolved": "https://registry.npmjs.org/stream-buffers/-/stream-buffers-1.1.0.tgz",
      "integrity": "sha512-Gbj/oH3THANbeUGIeN4zrlwYQ6IvaYShUxnDXX1I5KrtIEOszYEXTuVJUNJ+yu7dRk33YEYoBzjs1l5Peap3Xw==",
      "engines": {
        "node": ">= 0.3.0"
      }
    },
    "node_modules/x11": {
      "version": "2.3.0",
      "resolved": "https://registry.npmjs.org/x11/-/x11-2.3.0.tgz",
      "integrity": "sha512-Ep4DbqZkVHvZNVht+vvELcfdpGKnfh2kZuKdXqyZdtJx3UdvgUGrMQ9lwPNV33tDs86MF4YagC6+E2fZXikF6A==",
      "dependencies": {
        "os-homedir": "^1.0.1"
      },
      "engines": {
        "node": "*"
      }
    }
  },
  "dependencies": {
    "bitfield": {
      "version": "1.1.2",
      "resolved": "https://registry.npmjs.org/bitfield/-/bitfield-1.1.2.tgz",
      "integrity": "sha512-XU4GeW9hq3sz0ACLUe3g1j5TDw4Tr2OsmPBod/0m2T705sHgh3UIq2DMYeedrjjkdcS4CvMt040jiy2vwbHgEA=="
    },
    "buffer-utils": {
      "version": "1.1.0",
      "resolved": "https://registry.npmjs.org/buffer-utils/-/buffer-utils-1.1.0.tgz",
      "integrity": "sha512-93QgiHFi3WtK4Q4xy4/IwBL9vy9BlmWH99gFS7WhXwC6SkCDWZFGqIK2aggKg6eK7rMc60+C6XtEz62RavCB3g==",
      "requires": {
        "stream-buffers": "1.1.0"
      }
    },
    "configparser": {
      "version": "0.3.9",
      "resolved": "https://registry.npmjs.org/configparser/-/configparser-0.3.9.tgz",
      "integrity": "sha512-ZlHt4SyiCfcQmFkt+2OfUQG6PC4GLyXthfBHvCH9I4ZtDxqMaAkfeEP+bkgePWgO3869+dRMVIcjklwfZmPDjg==",
      "requires": {
        "mkdirp": "^0.5.1"
      }
    },
    "glasstron": {
      "version": "0.1.1",
      "resolved": "https://registry.npmjs.org/glasstron/-/glasstron-0.1.1.tgz",
      "integrity": "sha512-oLEMQM5wwdAQ44NrXD3wjk+b3dsfQG1XtkLn5pCxQNa3ri1AtWvvzpnhFUd88ZTmguHvkY4c3JKzcPSYaJAKKA==",
      "requires": {
        "node-addon-api": "^4.0.0",
        "x11": "^2.3.0"
      }
    },
    "kaitai-struct": {
      "version": "0.10.0",
      "resolved": "https://registry.npmjs.org/kaitai-struct/-/kaitai-struct-0.10.0.tgz",
      "integrity": "sha512-81oxVi/OY+LrzgrONX7ciD1wtvq24nb2M9iYixRiQG+1hrDrDRqFVWuQzF1fUexh3Sg/ol6eMAz1MOVYFouzUg=="
    },
    "minimist": {
      "version": "1.2.6",
      "resolved": "https://registry.npmjs.org/minimist/-/minimist-1.2.6.tgz",
      "integrity": "sha512-Jsjnk4bw3YJqYzbdyBiNsPWHPfO++UGG749Cxs6peCu5Xg4nrena6OVxOYxrQTqww0Jmwt+Ref8rggumkTLz9Q=="
    },
    "mkdirp": {
      "version": "0.5.6",
      "resolved": "https://registry.npmjs.org/mkdirp/-/mkdirp-0.5.6.tgz",
      "integrity": "sha512-FP+p8RB8OWpF3YZBCrP5gtADmtXApB5AMLn+vdyA+PyxCjrCs00mjyUozssO33cwDeT3wNGdLxJ5M//YqtHAJw==",
      "requires": {
        "minimist": "^1.2.6"
      }
    },
    "nlump": {
      "version": "0.2.3",
      "resolved": "https://registry.npmjs.org/nlump/-/nlump-0.2.3.tgz",
      "integrity": "sha512-zziQytQ7ULVWC/OL4uKcTt5jpp7HGXPAJQCwrdAkHMpui8I2lM6KrwC1Gx4ezb5GsIZhcouz2WqHtL8GcktwEw=="
    },
    "node-addon-api": {
      "version": "4.3.0",
      "resolved": "https://registry.npmjs.org/node-addon-api/-/node-addon-api-4.3.0.tgz",
      "integrity": "sha512-73sE9+3UaLYYFmDsFZnqCInzPyh3MqIwZO9cw58yIqAZhONrrabrYyYe3TuIqtIiOuTXVhsGau8hcrhhwSsDIQ=="
    },
    "node-wad": {
      "version": "0.2.6",
      "resolved": "https://registry.npmjs.org/node-wad/-/node-wad-0.2.6.tgz",
      "integrity": "sha512-erbRiDk90tWEmuib8BSS6X5AtICUki/jhH2ELhB1OWu8Z4ES6D6QH6LQGKiY6ODA/ilIfg5J0lsDTLlzfRZZOg==",
      "requires": {
        "bitfield": "^1.1.2",
        "buffer-utils": "^1.0.1"
      }
    },
    "nwad": {
      "version": "0.2.1",
      "resolved": "https://registry.npmjs.org/nwad/-/nwad-0.2.1.tgz",
      "integrity": "sha512-RLywC8vNilvZCjlNvKD0TwVyO4OvIj3TcrbsMAEnpKwDOsgi+hDrNqTb70nFRjo3lPM8ecDWzpUstSsMZGkpZw=="
    },
    "os-homedir": {
      "version": "1.0.2",
      "resolved": "https://registry.npmjs.org/os-homedir/-/os-homedir-1.0.2.tgz",
      "integrity": "sha512-B5JU3cabzk8c67mRRd3ECmROafjYMXbuzlwtqdM8IbS8ktlTix8aFGb2bAGKrSRIlnfKwovGUUr72JUPyOb6kQ=="
    },
    "stream-buffers": {
      "version": "1.1.0",
      "resolved": "https://registry.npmjs.org/stream-buffers/-/stream-buffers-1.1.0.tgz",
      "integrity": "sha512-Gbj/oH3THANbeUGIeN4zrlwYQ6IvaYShUxnDXX1I5KrtIEOszYEXTuVJUNJ+yu7dRk33YEYoBzjs1l5Peap3Xw=="
    },
    "x11": {
      "version": "2.3.0",
      "resolved": "https://registry.npmjs.org/x11/-/x11-2.3.0.tgz",
      "integrity": "sha512-Ep4DbqZkVHvZNVht+vvELcfdpGKnfh2kZuKdXqyZdtJx3UdvgUGrMQ9lwPNV33tDs86MF4YagC6+E2fZXikF6A==",
      "requires": {
        "os-homedir": "^1.0.1"
      }
    }
  }
}
